
Microsoft Visual Studio Solution File, Format Version 12.00
# Visual Studio Version 17
VisualStudioVersion = 17.14.36511.14
MinimumVisualStudioVersion = 10.0.40219.1
Project("{FAE04EC0-301F-11D3-BF4B-00C04F79EFBC}") = "Wpf_Order_Processing", "Wpf_Order_Processing\Wpf_Order_Processing.csproj", "{596E87DE-246C-4D5A-9649-AF936DF67E0E}"
EndProject
Project("{FAE04EC0-301F-11D3-BF4B-00C04F79EFBC}") = "ConsoleApp_Order_Processing", "ConsoleApp_Order_Processing\ConsoleApp_Order_Processing.csproj", "{6D4EFA1B-EBA2-4709-8A86-6EAECE5C5F6E}"
EndProject
Project("{FAE04EC0-301F-11D3-BF4B-00C04F79EFBC}") = "OrderBL", "OrderBL\OrderBL.csproj", "{D6C4F4EB-52BB-409A-A430-3CBDB5B2480F}"
EndProject
Project("{FAE04EC0-301F-11D3-BF4B-00C04F79EFBC}") = "OrderUtil", "OrderUtil\OrderUtil.csproj", "{94498C32-88E5-4E35-A388-709486DA38C6}"
EndProject
Project("{FAE04EC0-301F-11D3-BF4B-00C04F79EFBC}") = "OrderDL", "OrderDL\OrderDL.csproj", "{423498FD-3BFF-4D8D-A25D-B487B8FCF854}"
EndProject
Global
	GlobalSection(SolutionConfigurationPlatforms) = preSolution
		Debug|Any CPU = Debug|Any CPU
		Release|Any CPU = Release|Any CPU
	EndGlobalSection
	GlobalSection(ProjectConfigurationPlatforms) = postSolution
		{596E87DE-246C-4D5A-9649-AF936DF67E0E}.Debug|Any CPU.ActiveCfg = Debug|Any CPU
		{596E87DE-246C-4D5A-9649-AF936DF67E0E}.Debug|Any CPU.Build.0 = Debug|Any CPU
		{596E87DE-246C-4D5A-9649-AF936DF67E0E}.Release|Any CPU.ActiveCfg = Release|Any CPU
		{596E87DE-246C-4D5A-9649-AF936DF67E0E}.Release|Any CPU.Build.0 = Release|Any CPU
		{6D4EFA1B-EBA2-4709-8A86-6EAECE5C5F6E}.Debug|Any CPU.ActiveCfg = Debug|Any CPU
		{6D4EFA1B-EBA2-4709-8A86-6EAECE5C5F6E}.Debug|Any CPU.Build.0 = Debug|Any CPU
		{6D4EFA1B-EBA2-4709-8A86-6EAECE5C5F6E}.Release|Any CPU.ActiveCfg = Release|Any CPU
		{6D4EFA1B-EBA2-4709-8A86-6EAECE5C5F6E}.Release|Any CPU.Build.0 = Release|Any CPU
		{D6C4F4EB-52BB-409A-A430-3CBDB5B2480F}.Debug|Any CPU.ActiveCfg = Debug|Any CPU
		{D6C4F4EB-52BB-409A-A430-3CBDB5B2480F}.Debug|Any CPU.Build.0 = Debug|Any CPU
		{D6C4F4EB-52BB-409A-A430-3CBDB5B2480F}.Release|Any CPU.ActiveCfg = Release|Any CPU
		{D6C4F4EB-52BB-409A-A430-3CBDB5B2480F}.Release|Any CPU.Build.0 = Release|Any CPU
		{94498C32-88E5-4E35-A388-709486DA38C6}.Debug|Any CPU.ActiveCfg = Debug|Any CPU
		{94498C32-88E5-4E35-A388-709486DA38C6}.Debug|Any CPU.Build.0 = Debug|Any CPU
		{94498C32-88E5-4E35-A388-709486DA38C6}.Release|Any CPU.ActiveCfg = Release|Any CPU
		{94498C32-88E5-4E35-A388-709486DA38C6}.Release|Any CPU.Build.0 = Release|Any CPU
		{423498FD-3BFF-4D8D-A25D-B487B8FCF854}.Debug|Any CPU.ActiveCfg = Debug|Any CPU
		{423498FD-3BFF-4D8D-A25D-B487B8FCF854}.Debug|Any CPU.Build.0 = Debug|Any CPU
		{423498FD-3BFF-4D8D-A25D-B487B8FCF854}.Release|Any CPU.ActiveCfg = Release|Any CPU
		{423498FD-3BFF-4D8D-A25D-B487B8FCF854}.Release|Any CPU.Build.0 = Release|Any CPU
	EndGlobalSection
	GlobalSection(SolutionProperties) = preSolution
		HideSolutionNode = FALSE
	EndGlobalSection
	GlobalSection(ExtensibilityGlobals) = postSolution
		SolutionGuid = {5749CD40-333D-439E-A1B4-A0C7E6A8F93A}
	EndGlobalSection
EndGlobal
